// !$*UTF8*$!
{
	archiveVersion = 1;
	classes = {
	};
	objectVersion = 46;
	objects = {

/* Begin PBXBuildFile section */
		846F185B1B0F71AC001BE5E1 /* main.m in Sources */ = {isa = PBXBuildFile; fileRef = 846F185A1B0F71AC001BE5E1 /* main.m */; };
		846F185E1B0F71AC001BE5E1 /* AppDelegate.m in Sources */ = {isa = PBXBuildFile; fileRef = 846F185D1B0F71AC001BE5E1 /* AppDelegate.m */; };
		846F18611B0F71AC001BE5E1 /* ViewController.m in Sources */ = {isa = PBXBuildFile; fileRef = 846F18601B0F71AC001BE5E1 /* ViewController.m */; };
		846F18641B0F71AC001BE5E1 /* Main.storyboard in Resources */ = {isa = PBXBuildFile; fileRef = 846F18621B0F71AC001BE5E1 /* Main.storyboard */; };
		846F18661B0F71AC001BE5E1 /* Images.xcassets in Resources */ = {isa = PBXBuildFile; fileRef = 846F18651B0F71AC001BE5E1 /* Images.xcassets */; };
		846F18691B0F71AC001BE5E1 /* LaunchScreen.xib in Resources */ = {isa = PBXBuildFile; fileRef = 846F18671B0F71AC001BE5E1 /* LaunchScreen.xib */; };
		846F18751B0F71AC001BE5E1 /* OrientationChangePositionTests.m in Sources */ = {isa = PBXBuildFile; fileRef = 846F18741B0F71AC001BE5E1 /* OrientationChangePositionTests.m */; };
/* End PBXBuildFile section */

/* Begin PBXContainerItemProxy section */
		846F186F1B0F71AC001BE5E1 /* PBXContainerItemProxy */ = {
			isa = PBXContainerItemProxy;
			containerPortal = 846F184D1B0F71AC001BE5E1 /* Project object */;
			proxyType = 1;
			remoteGlobalIDString = 846F18541B0F71AC001BE5E1;
			remoteInfo = OrientationChangePosition;
		};
/* End PBXContainerItemProxy section */

/* Begin PBXFileReference section */
		846F18551B0F71AC001BE5E1 /* OrientationChangePosition.app */ = {isa = PBXFileReference; explicitFileType = wrapper.application; includeInIndex = 0; path = OrientationChangePosition.app; sourceTree = BUILT_PRODUCTS_DIR; };
		846F18591B0F71AC001BE5E1 /* Info.plist */ = {isa = PBXFileReference; lastKnownFileType = text.plist.xml; path = Info.plist; sourceTree = "<group>"; };
		846F185A1B0F71AC001BE5E1 /* main.m */ = {isa = PBXFileReference; lastKnownFileType = sourcecode.c.objc; path = main.m; sourceTree = "<group>"; };
		846F185C1B0F71AC001BE5E1 /* AppDelegate.h */ = {isa = PBXFileReference; lastKnownFileType = sourcecode.c.h; path = AppDelegate.h; sourceTree = "<group>"; };
		846F185D1B0F71AC001BE5E1 /* AppDelegate.m */ = {isa = PBXFileReference; lastKnownFileType = sourcecode.c.objc; path = AppDelegate.m; sourceTree = "<group>"; };
		846F185F1B0F71AC001BE5E1 /* ViewController.h */ = {isa = PBXFileReference; lastKnownFileType = sourcecode.c.h; path = ViewController.h; sourceTree = "<group>"; };
		846F18601B0F71AC001BE5E1 /* ViewController.m */ = {isa = PBXFileReference; lastKnownFileType = sourcecode.c.objc; path = ViewController.m; sourceTree = "<group>"; };
		846F18631B0F71AC001BE5E1 /* Base */ = {isa = PBXFileReference; lastKnownFileType = file.storyboard; name = Base; path = Base.lproj/Main.storyboard; sourceTree = "<group>"; };
		846F18651B0F71AC001BE5E1 /* Images.xcassets */ = {isa = PBXFileReference; lastKnownFileType = folder.assetcatalog; path = Images.xcassets; sourceTree = "<group>"; };
		846F18681B0F71AC001BE5E1 /* Base */ = {isa = PBXFileReference; lastKnownFileType = file.xib; name = Base; path = Base.lproj/LaunchScreen.xib; sourceTree = "<group>"; };
		846F186E1B0F71AC001BE5E1 /* OrientationChangePositionTests.xctest */ = {isa = PBXFileReference; explicitFileType = wrapper.cfbundle; includeInIndex = 0; path = OrientationChangePositionTests.xctest; sourceTree = BUILT_PRODUCTS_DIR; };
		846F18731B0F71AC001BE5E1 /* Info.plist */ = {isa = PBXFileReference; lastKnownFileType = text.plist.xml; path = Info.plist; sourceTree = "<group>"; };
		846F18741B0F71AC001BE5E1 /* OrientationChangePositionTests.m */ = {isa = PBXFileReference; lastKnownFileType = sourcecode.c.objc; path = OrientationChangePositionTests.m; sourceTree = "<group>"; };
/* End PBXFileReference section */

/* Begin PBXFrameworksBuildPhase section */
		846F18521B0F71AC001BE5E1 /* Frameworks */ = {
			isa = PBXFrameworksBuildPhase;
			buildActionMask = 2147483647;
			files = (
			);
			runOnlyForDeploymentPostprocessing = 0;
		};
		846F186B1B0F71AC001BE5E1 /* Frameworks */ = {
			isa = PBXFrameworksBuildPhase;
			buildActionMask = 2147483647;
			files = (
			);
			runOnlyForDeploymentPostprocessing = 0;
		};
/* End PBXFrameworksBuildPhase section */

/* Begin PBXGroup section */
		846F184C1B0F71AC001BE5E1 = {
			isa = PBXGroup;
			children = (
				846F18571B0F71AC001BE5E1 /* OrientationChangePosition */,
				846F18711B0F71AC001BE5E1 /* OrientationChangePositionTests */,
				846F18561B0F71AC001BE5E1 /* Products */,
			);
			sourceTree = "<group>";
		};
		846F18561B0F71AC001BE5E1 /* Products */ = {
			isa = PBXGroup;
			children = (
				846F18551B0F71AC001BE5E1 /* OrientationChangePosition.app */,
				846F186E1B0F71AC001BE5E1 /* OrientationChangePositionTests.xctest */,
			);
			name = Products;
			sourceTree = "<group>";
		};
		846F18571B0F71AC001BE5E1 /* OrientationChangePosition */ = {
			isa = PBXGroup;
			children = (
				846F185C1B0F71AC001BE5E1 /* AppDelegate.h */,
				846F185D1B0F71AC001BE5E1 /* AppDelegate.m */,
				846F185F1B0F71AC001BE5E1 /* ViewController.h */,
				846F18601B0F71AC001BE5E1 /* ViewController.m */,
				846F18621B0F71AC001BE5E1 /* Main.storyboard */,
				846F18651B0F71AC001BE5E1 /* Images.xcassets */,
				846F18671B0F71AC001BE5E1 /* LaunchScreen.xib */,
				846F18581B0F71AC001BE5E1 /* Supporting Files */,
			);
			path = OrientationChangePosition;
			sourceTree = "<group>";
		};
		846F18581B0F71AC001BE5E1 /* Supporting Files */ = {
			isa = PBXGroup;
			children = (
				846F18591B0F71AC001BE5E1 /* Info.plist */,
				846F185A1B0F71AC001BE5E1 /* main.m */,
			);
			name = "Supporting Files";
			sourceTree = "<group>";
		};
		846F18711B0F71AC001BE5E1 /* OrientationChangePositionTests */ = {
			isa = PBXGroup;
			children = (
				846F18741B0F71AC001BE5E1 /* OrientationChangePositionTests.m */,
				846F18721B0F71AC001BE5E1 /* Supporting Files */,
			);
			path = OrientationChangePositionTests;
			sourceTree = "<group>";
		};
		846F18721B0F71AC001BE5E1 /* Supporting Files */ = {
			isa = PBXGroup;
			children = (
				846F18731B0F71AC001BE5E1 /* Info.plist */,
			);
			name = "Supporting Files";
			sourceTree = "<group>";
		};
/* End PBXGroup section */

/* Begin PBXNativeTarget section */
		846F18541B0F71AC001BE5E1 /* OrientationChangePosition */ = {
			isa = PBXNativeTarget;
			buildConfigurationList = 846F18781B0F71AC001BE5E1 /* Build configuration list for PBXNativeTarget "OrientationChangePosition" */;
			buildPhases = (
				846F18511B0F71AC001BE5E1 /* Sources */,
				846F18521B0F71AC001BE5E1 /* Frameworks */,
				846F18531B0F71AC001BE5E1 /* Resources */,
			);
			buildRules = (
			);
			dependencies = (
			);
			name = OrientationChangePosition;
			productName = OrientationChangePosition;
			productReference = 846F18551B0F71AC001BE5E1 /* OrientationChangePosition.app */;
			productType = "com.apple.product-type.application";
		};
		846F186D1B0F71AC001BE5E1 /* OrientationChangePositionTests */ = {
			isa = PBXNativeTarget;
			buildConfigurationList = 846F187B1B0F71AC001BE5E1 /* Build configuration list for PBXNativeTarget "OrientationChangePositionTests" */;
			buildPhases = (
				846F186A1B0F71AC001BE5E1 /* Sources */,
				846F186B1B0F71AC001BE5E1 /* Frameworks */,
				846F186C1B0F71AC001BE5E1 /* Resources */,
			);
			buildRules = (
			);
			dependencies = (
				846F18701B0F71AC001BE5E1 /* PBXTargetDependency */,
			);
			name = OrientationChangePositionTests;
			productName = OrientationChangePositionTests;
			productReference = 846F186E1B0F71AC001BE5E1 /* OrientationChangePositionTests.xctest */;
			productType = "com.apple.product-type.bundle.unit-test";
		};
/* End PBXNativeTarget section */

/* Begin PBXProject section */
		846F184D1B0F71AC001BE5E1 /* Project object */ = {
			isa = PBXProject;
			attributes = {
				LastUpgradeCheck = 0620;
				ORGANIZATIONNAME = Masrina;
				TargetAttributes = {
					846F18541B0F71AC001BE5E1 = {
						CreatedOnToolsVersion = 6.2;
					};
					846F186D1B0F71AC001BE5E1 = {
						CreatedOnToolsVersion = 6.2;
						TestTargetID = 846F18541B0F71AC001BE5E1;
					};
				};
			};
			buildConfigurationList = 846F18501B0F71AC001BE5E1 /* Build configuration list for PBXProject "OrientationChangePosition" */;
			compatibilityVersion = "Xcode 3.2";
			developmentRegion = English;
			hasScannedForEncodings = 0;
			knownRegions = (
				en,
				Base,
			);
			mainGroup = 846F184C1B0F71AC001BE5E1;
			productRefGroup = 846F18561B0F71AC001BE5E1 /* Products */;
			projectDirPath = "";
			projectRoot = "";
			targets = (
				846F18541B0F71AC001BE5E1 /* OrientationChangePosition */,
				846F186D1B0F71AC001BE5E1 /* OrientationChangePositionTests */,
			);
		};
/* End PBXProject section */

/* Begin PBXResourcesBuildPhase section */
		846F18531B0F71AC001BE5E1 /* Resources */ = {
			isa = PBXResourcesBuildPhase;
			buildActionMask = 2147483647;
			files = (
				846F18641B0F71AC001BE5E1 /* Main.storyboard in Resources */,
				846F18691B0F71AC001BE5E1 /* LaunchScreen.xib in Resources */,
				846F18661B0F71AC001BE5E1 /* Images.xcassets in Resources */,
			);
			runOnlyForDeploymentPostprocessing = 0;
		};
		846F186C1B0F71AC001BE5E1 /* Resources */ = {
			isa = PBXResourcesBuildPhase;
			buildActionMask = 2147483647;
			files = (
			);
			runOnlyForDeploymentPostprocessing = 0;
		};
/* End PBXResourcesBuildPhase section */

/* Begin PBXSourcesBuildPhase section */
		846F18511B0F71AC001BE5E1 /* Sources */ = {
			isa = PBXSourcesBuildPhase;
			buildActionMask = 2147483647;
			files = (
				846F18611B0F71AC001BE5E1 /* ViewController.m in Sources */,
				846F185E1B0F71AC001BE5E1 /* AppDelegate.m in Sources */,
				846F185B1B0F71AC001BE5E1 /* main.m in Sources */,
			);
			runOnlyForDeploymentPostprocessing = 0;
		};
		846F186A1B0F71AC001BE5E1 /* Sources */ = {
			isa = PBXSourcesBuildPhase;
			buildActionMask = 2147483647;
			files = (
				846F18751B0F71AC001BE5E1 /* OrientationChangePositionTests.m in Sources */,
			);
			runOnlyForDeploymentPostprocessing = 0;
		};
/* End PBXSourcesBuildPhase section */

/* Begin PBXTargetDependency section */
		846F18701B0F71AC001BE5E1 /* PBXTargetDependency */ = {
			isa = PBXTargetDependency;
			target = 846F18541B0F71AC001BE5E1 /* OrientationChangePosition */;
			targetProxy = 846F186F1B0F71AC001BE5E1 /* PBXContainerItemProxy */;
		};
/* End PBXTargetDependency section */

/* Begin PBXVariantGroup section */
		846F18621B0F71AC001BE5E1 /* Main.storyboard */ = {
			isa = PBXVariantGroup;
			children = (
				846F18631B0F71AC001BE5E1 /* Base */,
			);
			name = Main.storyboard;
			sourceTree = "<group>";
		};
		846F18671B0F71AC001BE5E1 /* LaunchScreen.xib */ = {
			isa = PBXVariantGroup;
			children = (
				846F18681B0F71AC001BE5E1 /* Base */,
			);
			name = LaunchScreen.xib;
			sourceTree = "<group>";
		};
/* End PBXVariantGroup section */

/* Begin XCBuildConfiguration section */
		846F18761B0F71AC001BE5E1 /* Debug */ = {
			isa = XCBuildConfiguration;
			buildSettings = {
				ALWAYS_SEARCH_USER_PATHS = NO;
				CLANG_CXX_LANGUAGE_STANDARD = "gnu++0x";
				CLANG_CXX_LIBRARY = "libc++";
				CLANG_ENABLE_MODULES = YES;
				CLANG_ENABLE_OBJC_ARC = YES;
				CLANG_WARN_BOOL_CONVERSION = YES;
				CLANG_WARN_CONSTANT_CONVERSION = YES;
				CLANG_WARN_DIRECT_OBJC_ISA_USAGE = YES_ERROR;
				CLANG_WARN_EMPTY_BODY = YES;
				CLANG_WARN_ENUM_CONVERSION = YES;
				CLANG_WARN_INT_CONVERSION = YES;
				CLANG_WARN_OBJC_ROOT_CLASS = YES_ERROR;
				CLANG_WARN_UNREACHABLE_CODE = YES;
				CLANG_WARN__DUPLICATE_METHOD_MATCH = YES;
				"CODE_SIGN_IDENTITY[sdk=iphoneos*]" = "iPhone Developer";
				COPY_PHASE_STRIP = NO;
				ENABLE_STRICT_OBJC_MSGSEND = YES;
				GCC_C_LANGUAGE_STANDARD = gnu99;
				GCC_DYNAMIC_NO_PIC = NO;
				GCC_OPTIMIZATION_LEVEL = 0;
				GCC_PREPROCESSOR_DEFINITIONS = (
					"DEBUG=1",
					"$(inherited)",
				);
				GCC_SYMBOLS_PRIVATE_EXTERN = NO;
				GCC_WARN_64_TO_32_BIT_CONVERSION = YES;
				GCC_WARN_ABOUT_RETURN_TYPE = YES_ERROR;
				GCC_WARN_UNDECLARED_SELECTOR = YES;
				GCC_WARN_UNINITIALIZED_AUTOS = YES_AGGRESSIVE;
				GCC_WARN_UNUSED_FUNCTION = YES;
				GCC_WARN_UNUSED_VARIABLE = YES;
				IPHONEOS_DEPLOYMENT_TARGET = 8.2;
				MTL_ENABLE_DEBUG_INFO = YES;
				ONLY_ACTIVE_ARCH = YES;
				SDKROOT = iphoneos;
			};
			name = Debug;
		};
		846F18771B0F71AC001BE5E1 /* Release */ = {
			isa = XCBuildConfiguration;
			buildSettings = {
				ALWAYS_SEARCH_USER_PATHS = NO;
				CLANG_CXX_LANGUAGE_STANDARD = "gnu++0x";
				CLANG_CXX_LIBRARY = "libc++";
				CLANG_ENABLE_MODULES = YES;
				CLANG_ENABLE_OBJC_ARC = YES;
				CLANG_WARN_BOOL_CONVERSION = YES;
				CLANG_WARN_CONSTANT_CONVERSION = YES;
				CLANG_WARN_DIRECT_OBJC_ISA_USAGE = YES_ERROR;
				CLANG_WARN_EMPTY_BODY = YES;
				CLANG_WARN_ENUM_CONVERSION = YES;
				CLANG_WARN_INT_CONVERSION = YES;
				CLANG_WARN_OBJC_ROOT_CLASS = YES_ERROR;
				CLANG_WARN_UNREACHABLE_CODE = YES;
				CLANG_WARN__DUPLICATE_METHOD_MATCH = YES;
				"CODE_SIGN_IDENTITY[sdk=iphoneos*]" = "iPhone Developer";
				COPY_PHASE_STRIP = NO;
				ENABLE_NS_ASSERTIONS = NO;
				ENABLE_STRICT_OBJC_MSGSEND = YES;
				GCC_C_LANGUAGE_STANDARD = gnu99;
				GCC_WARN_64_TO_32_BIT_CONVERSION = YES;
				GCC_WARN_ABOUT_RETURN_TYPE = YES_ERROR;
				GCC_WARN_UNDECLARED_SELECTOR = YES;
				GCC_WARN_UNINITIALIZED_AUTOS = YES_AGGRESSIVE;
				GCC_WARN_UNUSED_FUNCTION = YES;
				GCC_WARN_UNUSED_VARIABLE = YES;
				IPHONEOS_DEPLOYMENT_TARGET = 8.2;
				MTL_ENABLE_DEBUG_INFO = NO;
				SDKROOT = iphoneos;
				VALIDATE_PRODUCT = YES;
			};
			name = Release;
		};
		846F18791B0F71AC001BE5E1 /* Debug */ = {
			isa = XCBuildConfiguration;
			buildSettings = {
				ASSETCATALOG_COMPILER_APPICON_NAME = AppIcon;
				INFOPLIST_FILE = OrientationChangePosition/Info.plist;
				IPHONEOS_DEPLOYMENT_TARGET = 6.0;
				LD_RUNPATH_SEARCH_PATHS = "$(inherited) @executable_path/Frameworks";
				PRODUCT_NAME = "$(TARGET_NAME)";
			};
			name = Debug;
		};
		846F187A1B0F71AC001BE5E1 /* Release */ = {
			isa = XCBuildConfiguration;
			buildSettings = {
				ASSETCATALOG_COMPILER_APPICON_NAME = AppIcon;
				INFOPLIST_FILE = OrientationChangePosition/Info.plist;
				IPHONEOS_DEPLOYMENT_TARGET = 6.0;
				LD_RUNPATH_SEARCH_PATHS = "$(inherited) @executable_path/Frameworks";
				PRODUCT_NAME = "$(TARGET_NAME)";
			};
			name = Release;
		};
		846F187C1B0F71AC001BE5E1 /* Debug */ = {
			isa = XCBuildConfiguration;
			buildSettings = {
				BUNDLE_LOADER = "$(TEST_HOST)";
				FRAMEWORK_SEARCH_PATHS = (
					"$(SDKROOT)/Developer/Library/Frameworks",
					"$(inherited)",
				);
				GCC_PREPROCESSOR_DEFINITIONS = (
					"DEBUG=1",
					"$(inherited)",
				);
				INFOPLIST_FILE = OrientationChangePositionTests/Info.plist;
				LD_RUNPATH_SEARCH_PATHS = "$(inherited) @executable_path/Frameworks @loader_path/Frameworks";
				PRODUCT_NAME = "$(TARGET_NAME)";
				TEST_HOST = "$(BUILT_PRODUCTS_DIR)/OrientationChangePosition.app/OrientationChangePosition";
			};
			name = Debug;
		};
		846F187D1B0F71AC001BE5E1 /* Release */ = {
			isa = XCBuildConfiguration;
			buildSettings = {
				BUNDLE_LOADER = "$(TEST_HOST)";
				FRAMEWORK_SEARCH_PATHS = (
					"$(SDKROOT)/Developer/Library/Frameworks",
					"$(inherited)",
				);
				INFOPLIST_FILE = OrientationChangePositionTests/Info.plist;
				LD_RUNPATH_SEARCH_PATHS = "$(inherited) @executable_path/Frameworks @loader_path/Frameworks";
				PRODUCT_NAME = "$(TARGET_NAME)";
				TEST_HOST = "$(BUILT_PRODUCTS_DIR)/OrientationChangePosition.app/OrientationChangePosition";
			};
			name = Release;
		};
/* End XCBuildConfiguration section */

/* Begin XCConfigurationList section */
		846F18501B0F71AC001BE5E1 /* Build configuration list for PBXProject "OrientationChangePosition" */ = {
			isa = XCConfigurationList;
			buildConfigurations = (
				846F18761B0F71AC001BE5E1 /* Debug */,
				846F18771B0F71AC001BE5E1 /* Release */,
			);
			defaultConfigurationIsVisible = 0;
			defaultConfigurationName = Release;
		};
		846F18781B0F71AC001BE5E1 /* Build configuration list for PBXNativeTarget "OrientationChangePosition" */ = {
			isa = XCConfigurationList;
			buildConfigurations = (
				846F18791B0F71AC001BE5E1 /* Debug */,
				846F187A1B0F71AC001BE5E1 /* Release */,
			);
			defaultConfigurationIsVisible = 0;
		};
		846F187B1B0F71AC001BE5E1 /* Build configuration list for PBXNativeTarget "OrientationChangePositionTests" */ = {
			isa = XCConfigurationList;
			buildConfigurations = (
				846F187C1B0F71AC001BE5E1 /* Debug */,
				846F187D1B0F71AC001BE5E1 /* Release */,
			);
			defaultConfigurationIsVisible = 0;
		};
/* End XCConfigurationList section */
	};
	rootObject = 846F184D1B0F71AC001BE5E1 /* Project object */;
}
